
Microsoft Visual Studio Solution File, Format Version 12.00
# Visual Studio Version 16
VisualStudioVersion = 16.0.30204.135
MinimumVisualStudioVersion = 10.0.40219.1
Project("{FAE04EC0-301F-11D3-BF4B-00C04F79EFBC}") = "Api3", "Api3.csproj", "{09A2ABB0-63EF-4BC1-907C-379FE7FEFDF9}"
EndProject
Global
	GlobalSection(SolutionConfigurationPlatforms) = preSolution
		Debug|Any CPU = Debug|Any CPU
		Release|Any CPU = Release|Any CPU
	EndGlobalSection
	GlobalSection(ProjectConfigurationPlatforms) = postSolution
		{09A2ABB0-63EF-4BC1-907C-379FE7FEFDF9}.Debug|Any CPU.ActiveCfg = Debug|Any CPU
		{09A2ABB0-63EF-4BC1-907C-379FE7FEFDF9}.Debug|Any CPU.Build.0 = Debug|Any CPU
		{09A2ABB0-63EF-4BC1-907C-379FE7FEFDF9}.Release|Any CPU.ActiveCfg = Release|Any CPU
		{09A2ABB0-63EF-4BC1-907C-379FE7FEFDF9}.Release|Any CPU.Build.0 = Release|Any CPU
	EndGlobalSection
	GlobalSection(SolutionProperties) = preSolution
		HideSolutionNode = FALSE
	EndGlobalSection
	GlobalSection(ExtensibilityGlobals) = postSolution
		SolutionGuid = {D9C18FD5-9120-4F25-BDD1-48CA5E290C2A}
	EndGlobalSection
EndGlobal
